<?xml version="1.0" encoding="UTF-8" standalone="yes" ?>
<CodeBlocks_project_file>
	<FileVersion major="1" minor="6" />
	<Project>
		<Option title="demonstration" />
		<Option pch_mode="2" />
		<Option compiler="gcc" />
		<Build>
			<Target title="Release">
				<Option output="..\..\dlls\demonstration.exe" prefix_auto="1" extension_auto="1" />
				<Option object_output="obj\Release\" />
				<Option type="0" />
				<Option compiler="gcc" />
				<Compiler>
					<Add option="-O2" />
				</Compiler>
				<Linker>
					<Add option="-s" />
					<Add library="rlog" />
					<Add library="ois" />
					<Add library="ogredisplay" />
					<Add library="display" />
					<Add library="kernel" />
					<Add library="action" />
					<Add library="input" />
					<Add library="model" />
					<Add library="physic" />
					<Add library="physicode" />
				</Linker>
			</Target>
		</Build>
		<Compiler>
			<Add option="-Wall" />
			<Add option="-mthreads" />
			<Add option="-fmessage-length=0" />
			<Add option="-fexceptions" />
			<Add option="-fident" />
			<Add option="-D_WINDOWS" />
			<Add option="-DWIN32" />
			<Add option="-D_WIN32" />
			<Add option="-DNDEBUG" />
			<Add directory="..\..\..\sources" />
			<Add directory="..\..\depends\include" />
		</Compiler>
		<Linker>
			<Add option="-Wl,--enable-auto-image-base" />
			<Add option="-Wl,--add-stdcall-alias" />
			<Add directory="..\..\dlls" />
			<Add directory="..\..\depends\lib" />
		</Linker>
		<Unit filename="..\demonstration.cpp" />
		<Extensions>
			<code_completion />
		</Extensions>
	</Project>
</CodeBlocks_project_file>
